
Microsoft Visual Studio Solution File, Format Version 12.00
# Visual Studio Version 17
VisualStudioVersion = 17.8.34525.116
MinimumVisualStudioVersion = 10.0.40219.1
Project("{FAE04EC0-301F-11D3-BF4B-00C04F79EFBC}") = "GymLeagueCalculator", "GymLeagueCalculator.csproj", "{C6586FAB-9EE5-4861-A3EF-EEF1F807BE31}"
EndProject
Global
	GlobalSection(SolutionConfigurationPlatforms) = preSolution
		Debug|Any CPU = Debug|Any CPU
		Release|Any CPU = Release|Any CPU
	EndGlobalSection
	GlobalSection(ProjectConfigurationPlatforms) = postSolution
		{C6586FAB-9EE5-4861-A3EF-EEF1F807BE31}.Debug|Any CPU.ActiveCfg = Debug|Any CPU
		{C6586FAB-9EE5-4861-A3EF-EEF1F807BE31}.Debug|Any CPU.Build.0 = Debug|Any CPU
		{C6586FAB-9EE5-4861-A3EF-EEF1F807BE31}.Debug|Any CPU.Deploy.0 = Debug|Any CPU
		{C6586FAB-9EE5-4861-A3EF-EEF1F807BE31}.Release|Any CPU.ActiveCfg = Release|Any CPU
		{C6586FAB-9EE5-4861-A3EF-EEF1F807BE31}.Release|Any CPU.Build.0 = Release|Any CPU
		{C6586FAB-9EE5-4861-A3EF-EEF1F807BE31}.Release|Any CPU.Deploy.0 = Release|Any CPU
	EndGlobalSection
	GlobalSection(SolutionProperties) = preSolution
		HideSolutionNode = FALSE
	EndGlobalSection
	GlobalSection(ExtensibilityGlobals) = postSolution
		SolutionGuid = {0BCCFAA6-F2C2-4723-97DA-F5FD123A54C4}
	EndGlobalSection
EndGlobal
